// !$*UTF8*$!
{
	archiveVersion = 1;
	classes = {
	};
	objectVersion = 56;
	objects = {

/* Begin PBXBuildFile section */
		6E03AF8029E354290016AF0D /* MovieListViewController.swift in Sources */ = {isa = PBXBuildFile; fileRef = 6E03AF7F29E354290016AF0D /* MovieListViewController.swift */; };
		6E03AF8229E3559A0016AF0D /* MovieCategoryViewController.swift in Sources */ = {isa = PBXBuildFile; fileRef = 6E03AF8129E3559A0016AF0D /* MovieCategoryViewController.swift */; };
		6E24E03B29D7484D00BAF554 /* Assets.xcassets in Resources */ = {isa = PBXBuildFile; fileRef = 6E24E03A29D7484D00BAF554 /* Assets.xcassets */; };
		6E24E03E29D7484D00BAF554 /* LaunchScreen.storyboard in Resources */ = {isa = PBXBuildFile; fileRef = 6E24E03C29D7484D00BAF554 /* LaunchScreen.storyboard */; };
		6E24E04729D748BA00BAF554 /* PureLayout in Frameworks */ = {isa = PBXBuildFile; productRef = 6E24E04629D748BA00BAF554 /* PureLayout */; };
		6E24E04A29D748E000BAF554 /* MovieAppData in Frameworks */ = {isa = PBXBuildFile; productRef = 6E24E04929D748E000BAF554 /* MovieAppData */; };
		6E2881CD2A091AC900BFDFD8 /* FavoritesViewController.swift in Sources */ = {isa = PBXBuildFile; fileRef = 6E2881CC2A091AC900BFDFD8 /* FavoritesViewController.swift */; };
		6E2881CF2A09A8C000BFDFD8 /* Router.swift in Sources */ = {isa = PBXBuildFile; fileRef = 6E2881CE2A09A8C000BFDFD8 /* Router.swift */; };
		6E7E385629D9E7B400A04386 /* Fonts in Resources */ = {isa = PBXBuildFile; fileRef = 6E7E385529D9E7B400A04386 /* Fonts */; };
		6E7E385829D9ED2D00A04386 /* AppDelegate.swift in Sources */ = {isa = PBXBuildFile; fileRef = 6E7E385729D9ED2D00A04386 /* AppDelegate.swift */; };
		6E7E385A29D9ED2F00A04386 /* SceneDelegate.swift in Sources */ = {isa = PBXBuildFile; fileRef = 6E7E385929D9ED2F00A04386 /* SceneDelegate.swift */; };
		6E7E385C29D9ED7C00A04386 /* LogInViewController.swift in Sources */ = {isa = PBXBuildFile; fileRef = 6E7E385B29D9ED7C00A04386 /* LogInViewController.swift */; };
		6E7E385E29D9ED7D00A04386 /* MovieDetailsViewController.swift in Sources */ = {isa = PBXBuildFile; fileRef = 6E7E385D29D9ED7D00A04386 /* MovieDetailsViewController.swift */; };
		6EBAD3F629E5F77700E082A0 /* MovieListCell.swift in Sources */ = {isa = PBXBuildFile; fileRef = 6EBAD3F529E5F77700E082A0 /* MovieListCell.swift */; };
		6EBAD3F929E5FDA900E082A0 /* SDWebImage in Frameworks */ = {isa = PBXBuildFile; productRef = 6EBAD3F829E5FDA900E082A0 /* SDWebImage */; };
		6EBAD3FC29E5FFB800E082A0 /* Kingfisher in Frameworks */ = {isa = PBXBuildFile; productRef = 6EBAD3FB29E5FFB800E082A0 /* Kingfisher */; };
		6EBAD3FE29E60E4300E082A0 /* MovieCategoryCell.swift in Sources */ = {isa = PBXBuildFile; fileRef = 6EBAD3FD29E60E4300E082A0 /* MovieCategoryCell.swift */; };
		6EBAD40029E60EFF00E082A0 /* MovieCategoryListCell.swift in Sources */ = {isa = PBXBuildFile; fileRef = 6EBAD3FF29E60EFF00E082A0 /* MovieCategoryListCell.swift */; };
/* End PBXBuildFile section */

/* Begin PBXFileReference section */
		6E03AF7F29E354290016AF0D /* MovieListViewController.swift */ = {isa = PBXFileReference; lastKnownFileType = sourcecode.swift; path = MovieListViewController.swift; sourceTree = "<group>"; };
		6E03AF8129E3559A0016AF0D /* MovieCategoryViewController.swift */ = {isa = PBXFileReference; lastKnownFileType = sourcecode.swift; path = MovieCategoryViewController.swift; sourceTree = "<group>"; };
		6E24E02E29D7484D00BAF554 /* MovieApp.app */ = {isa = PBXFileReference; explicitFileType = wrapper.application; includeInIndex = 0; path = MovieApp.app; sourceTree = BUILT_PRODUCTS_DIR; };
		6E24E03A29D7484D00BAF554 /* Assets.xcassets */ = {isa = PBXFileReference; lastKnownFileType = folder.assetcatalog; path = Assets.xcassets; sourceTree = "<group>"; };
		6E24E03D29D7484D00BAF554 /* Base */ = {isa = PBXFileReference; lastKnownFileType = file.storyboard; name = Base; path = Base.lproj/LaunchScreen.storyboard; sourceTree = "<group>"; };
		6E24E03F29D7484D00BAF554 /* Info.plist */ = {isa = PBXFileReference; lastKnownFileType = text.plist.xml; path = Info.plist; sourceTree = "<group>"; };
		6E2881CC2A091AC900BFDFD8 /* FavoritesViewController.swift */ = {isa = PBXFileReference; lastKnownFileType = sourcecode.swift; path = FavoritesViewController.swift; sourceTree = "<group>"; };
		6E2881CE2A09A8C000BFDFD8 /* Router.swift */ = {isa = PBXFileReference; lastKnownFileType = sourcecode.swift; path = Router.swift; sourceTree = "<group>"; };
		6E7E385529D9E7B400A04386 /* Fonts */ = {isa = PBXFileReference; lastKnownFileType = folder; path = Fonts; sourceTree = "<group>"; };
		6E7E385729D9ED2D00A04386 /* AppDelegate.swift */ = {isa = PBXFileReference; lastKnownFileType = sourcecode.swift; path = AppDelegate.swift; sourceTree = "<group>"; };
		6E7E385929D9ED2F00A04386 /* SceneDelegate.swift */ = {isa = PBXFileReference; lastKnownFileType = sourcecode.swift; path = SceneDelegate.swift; sourceTree = "<group>"; };
		6E7E385B29D9ED7C00A04386 /* LogInViewController.swift */ = {isa = PBXFileReference; lastKnownFileType = sourcecode.swift; path = LogInViewController.swift; sourceTree = "<group>"; };
		6E7E385D29D9ED7D00A04386 /* MovieDetailsViewController.swift */ = {isa = PBXFileReference; lastKnownFileType = sourcecode.swift; path = MovieDetailsViewController.swift; sourceTree = "<group>"; };
		6EBAD3F529E5F77700E082A0 /* MovieListCell.swift */ = {isa = PBXFileReference; lastKnownFileType = sourcecode.swift; path = MovieListCell.swift; sourceTree = "<group>"; };
		6EBAD3FD29E60E4300E082A0 /* MovieCategoryCell.swift */ = {isa = PBXFileReference; lastKnownFileType = sourcecode.swift; path = MovieCategoryCell.swift; sourceTree = "<group>"; };
		6EBAD3FF29E60EFF00E082A0 /* MovieCategoryListCell.swift */ = {isa = PBXFileReference; lastKnownFileType = sourcecode.swift; path = MovieCategoryListCell.swift; sourceTree = "<group>"; };
/* End PBXFileReference section */

/* Begin PBXFrameworksBuildPhase section */
		6E24E02B29D7484D00BAF554 /* Frameworks */ = {
			isa = PBXFrameworksBuildPhase;
			buildActionMask = 2147483647;
			files = (
				6EBAD3FC29E5FFB800E082A0 /* Kingfisher in Frameworks */,
				6EBAD3F929E5FDA900E082A0 /* SDWebImage in Frameworks */,
				6E24E04729D748BA00BAF554 /* PureLayout in Frameworks */,
				6E24E04A29D748E000BAF554 /* MovieAppData in Frameworks */,
			);
			runOnlyForDeploymentPostprocessing = 0;
		};
/* End PBXFrameworksBuildPhase section */

/* Begin PBXGroup section */
		6E24E02529D7484C00BAF554 = {
			isa = PBXGroup;
			children = (
				6E24E03029D7484D00BAF554 /* MovieApp */,
				6E24E02F29D7484D00BAF554 /* Products */,
			);
			sourceTree = "<group>";
		};
		6E24E02F29D7484D00BAF554 /* Products */ = {
			isa = PBXGroup;
			children = (
				6E24E02E29D7484D00BAF554 /* MovieApp.app */,
			);
			name = Products;
			sourceTree = "<group>";
		};
		6E24E03029D7484D00BAF554 /* MovieApp */ = {
			isa = PBXGroup;
			children = (
				6E24E03F29D7484D00BAF554 /* Info.plist */,
				6E7E385529D9E7B400A04386 /* Fonts */,
				6E24E03A29D7484D00BAF554 /* Assets.xcassets */,
				6E24E03C29D7484D00BAF554 /* LaunchScreen.storyboard */,
				6E7E385729D9ED2D00A04386 /* AppDelegate.swift */,
				6E7E385929D9ED2F00A04386 /* SceneDelegate.swift */,
				6E7E385D29D9ED7D00A04386 /* MovieDetailsViewController.swift */,
				6E7E385B29D9ED7C00A04386 /* LogInViewController.swift */,
				6E03AF7F29E354290016AF0D /* MovieListViewController.swift */,
				6EBAD3F529E5F77700E082A0 /* MovieListCell.swift */,
				6E2881CE2A09A8C000BFDFD8 /* Router.swift */,
				6E03AF8129E3559A0016AF0D /* MovieCategoryViewController.swift */,
				6EBAD3FD29E60E4300E082A0 /* MovieCategoryCell.swift */,
				6E2881CC2A091AC900BFDFD8 /* FavoritesViewController.swift */,
				6EBAD3FF29E60EFF00E082A0 /* MovieCategoryListCell.swift */,
			);
			path = MovieApp;
			sourceTree = "<group>";
		};
/* End PBXGroup section */

/* Begin PBXNativeTarget section */
		6E24E02D29D7484D00BAF554 /* MovieApp */ = {
			isa = PBXNativeTarget;
			buildConfigurationList = 6E24E04229D7484D00BAF554 /* Build configuration list for PBXNativeTarget "MovieApp" */;
			buildPhases = (
				6E24E02A29D7484D00BAF554 /* Sources */,
				6E24E02B29D7484D00BAF554 /* Frameworks */,
				6E24E02C29D7484D00BAF554 /* Resources */,
			);
			buildRules = (
			);
			dependencies = (
			);
			name = MovieApp;
			packageProductDependencies = (
				6E24E04629D748BA00BAF554 /* PureLayout */,
				6E24E04929D748E000BAF554 /* MovieAppData */,
				6EBAD3F829E5FDA900E082A0 /* SDWebImage */,
				6EBAD3FB29E5FFB800E082A0 /* Kingfisher */,
			);
			productName = MovieApp;
			productReference = 6E24E02E29D7484D00BAF554 /* MovieApp.app */;
			productType = "com.apple.product-type.application";
		};
/* End PBXNativeTarget section */

/* Begin PBXProject section */
		6E24E02629D7484C00BAF554 /* Project object */ = {
			isa = PBXProject;
			attributes = {
				BuildIndependentTargetsInParallel = 1;
				LastSwiftUpdateCheck = 1420;
				LastUpgradeCheck = 1420;
				TargetAttributes = {
					6E24E02D29D7484D00BAF554 = {
						CreatedOnToolsVersion = 14.2;
					};
				};
			};
			buildConfigurationList = 6E24E02929D7484C00BAF554 /* Build configuration list for PBXProject "MovieApp" */;
			compatibilityVersion = "Xcode 14.0";
			developmentRegion = en;
			hasScannedForEncodings = 0;
			knownRegions = (
				en,
				Base,
			);
			mainGroup = 6E24E02529D7484C00BAF554;
			packageReferences = (
				6E24E04529D748BA00BAF554 /* XCRemoteSwiftPackageReference "PureLayout" */,
				6E24E04829D748E000BAF554 /* XCRemoteSwiftPackageReference "MovieAppData" */,
				6EBAD3F729E5FDA900E082A0 /* XCRemoteSwiftPackageReference "SDWebImage" */,
				6EBAD3FA29E5FFB800E082A0 /* XCRemoteSwiftPackageReference "Kingfisher" */,
			);
			productRefGroup = 6E24E02F29D7484D00BAF554 /* Products */;
			projectDirPath = "";
			projectRoot = "";
			targets = (
				6E24E02D29D7484D00BAF554 /* MovieApp */,
			);
		};
/* End PBXProject section */

/* Begin PBXResourcesBuildPhase section */
		6E24E02C29D7484D00BAF554 /* Resources */ = {
			isa = PBXResourcesBuildPhase;
			buildActionMask = 2147483647;
			files = (
				6E7E385629D9E7B400A04386 /* Fonts in Resources */,
				6E24E03E29D7484D00BAF554 /* LaunchScreen.storyboard in Resources */,
				6E24E03B29D7484D00BAF554 /* Assets.xcassets in Resources */,
			);
			runOnlyForDeploymentPostprocessing = 0;
		};
/* End PBXResourcesBuildPhase section */

/* Begin PBXSourcesBuildPhase section */
		6E24E02A29D7484D00BAF554 /* Sources */ = {
			isa = PBXSourcesBuildPhase;
			buildActionMask = 2147483647;
			files = (
				6E2881CF2A09A8C000BFDFD8 /* Router.swift in Sources */,
				6EBAD3FE29E60E4300E082A0 /* MovieCategoryCell.swift in Sources */,
				6E7E385E29D9ED7D00A04386 /* MovieDetailsViewController.swift in Sources */,
				6E03AF8029E354290016AF0D /* MovieListViewController.swift in Sources */,
				6E7E385829D9ED2D00A04386 /* AppDelegate.swift in Sources */,
				6E7E385A29D9ED2F00A04386 /* SceneDelegate.swift in Sources */,
				6E7E385C29D9ED7C00A04386 /* LogInViewController.swift in Sources */,
				6EBAD3F629E5F77700E082A0 /* MovieListCell.swift in Sources */,
				6EBAD40029E60EFF00E082A0 /* MovieCategoryListCell.swift in Sources */,
				6E2881CD2A091AC900BFDFD8 /* FavoritesViewController.swift in Sources */,
				6E03AF8229E3559A0016AF0D /* MovieCategoryViewController.swift in Sources */,
			);
			runOnlyForDeploymentPostprocessing = 0;
		};
/* End PBXSourcesBuildPhase section */

/* Begin PBXVariantGroup section */
		6E24E03C29D7484D00BAF554 /* LaunchScreen.storyboard */ = {
			isa = PBXVariantGroup;
			children = (
				6E24E03D29D7484D00BAF554 /* Base */,
			);
			name = LaunchScreen.storyboard;
			sourceTree = "<group>";
		};
/* End PBXVariantGroup section */

/* Begin XCBuildConfiguration section */
		6E24E04029D7484D00BAF554 /* Debug */ = {
			isa = XCBuildConfiguration;
			buildSettings = {
				ALWAYS_SEARCH_USER_PATHS = NO;
				CLANG_ANALYZER_NONNULL = YES;
				CLANG_ANALYZER_NUMBER_OBJECT_CONVERSION = YES_AGGRESSIVE;
				CLANG_CXX_LANGUAGE_STANDARD = "gnu++20";
				CLANG_ENABLE_MODULES = YES;
				CLANG_ENABLE_OBJC_ARC = YES;
				CLANG_ENABLE_OBJC_WEAK = YES;
				CLANG_WARN_BLOCK_CAPTURE_AUTORELEASING = YES;
				CLANG_WARN_BOOL_CONVERSION = YES;
				CLANG_WARN_COMMA = YES;
				CLANG_WARN_CONSTANT_CONVERSION = YES;
				CLANG_WARN_DEPRECATED_OBJC_IMPLEMENTATIONS = YES;
				CLANG_WARN_DIRECT_OBJC_ISA_USAGE = YES_ERROR;
				CLANG_WARN_DOCUMENTATION_COMMENTS = YES;
				CLANG_WARN_EMPTY_BODY = YES;
				CLANG_WARN_ENUM_CONVERSION = YES;
				CLANG_WARN_INFINITE_RECURSION = YES;
				CLANG_WARN_INT_CONVERSION = YES;
				CLANG_WARN_NON_LITERAL_NULL_CONVERSION = YES;
				CLANG_WARN_OBJC_IMPLICIT_RETAIN_SELF = YES;
				CLANG_WARN_OBJC_LITERAL_CONVERSION = YES;
				CLANG_WARN_OBJC_ROOT_CLASS = YES_ERROR;
				CLANG_WARN_QUOTED_INCLUDE_IN_FRAMEWORK_HEADER = YES;
				CLANG_WARN_RANGE_LOOP_ANALYSIS = YES;
				CLANG_WARN_STRICT_PROTOTYPES = YES;
				CLANG_WARN_SUSPICIOUS_MOVE = YES;
				CLANG_WARN_UNGUARDED_AVAILABILITY = YES_AGGRESSIVE;
				CLANG_WARN_UNREACHABLE_CODE = YES;
				CLANG_WARN__DUPLICATE_METHOD_MATCH = YES;
				COPY_PHASE_STRIP = NO;
				DEBUG_INFORMATION_FORMAT = dwarf;
				ENABLE_STRICT_OBJC_MSGSEND = YES;
				ENABLE_TESTABILITY = YES;
				GCC_C_LANGUAGE_STANDARD = gnu11;
				GCC_DYNAMIC_NO_PIC = NO;
				GCC_NO_COMMON_BLOCKS = YES;
				GCC_OPTIMIZATION_LEVEL = 0;
				GCC_PREPROCESSOR_DEFINITIONS = (
					"DEBUG=1",
					"$(inherited)",
				);
				GCC_WARN_64_TO_32_BIT_CONVERSION = YES;
				GCC_WARN_ABOUT_RETURN_TYPE = YES_ERROR;
				GCC_WARN_UNDECLARED_SELECTOR = YES;
				GCC_WARN_UNINITIALIZED_AUTOS = YES_AGGRESSIVE;
				GCC_WARN_UNUSED_FUNCTION = YES;
				GCC_WARN_UNUSED_VARIABLE = YES;
				IPHONEOS_DEPLOYMENT_TARGET = 16.2;
				MTL_ENABLE_DEBUG_INFO = INCLUDE_SOURCE;
				MTL_FAST_MATH = YES;
				ONLY_ACTIVE_ARCH = YES;
				SDKROOT = iphoneos;
				SWIFT_ACTIVE_COMPILATION_CONDITIONS = DEBUG;
				SWIFT_OPTIMIZATION_LEVEL = "-Onone";
			};
			name = Debug;
		};
		6E24E04129D7484D00BAF554 /* Release */ = {
			isa = XCBuildConfiguration;
			buildSettings = {
				ALWAYS_SEARCH_USER_PATHS = NO;
				CLANG_ANALYZER_NONNULL = YES;
				CLANG_ANALYZER_NUMBER_OBJECT_CONVERSION = YES_AGGRESSIVE;
				CLANG_CXX_LANGUAGE_STANDARD = "gnu++20";
				CLANG_ENABLE_MODULES = YES;
				CLANG_ENABLE_OBJC_ARC = YES;
				CLANG_ENABLE_OBJC_WEAK = YES;
				CLANG_WARN_BLOCK_CAPTURE_AUTORELEASING = YES;
				CLANG_WARN_BOOL_CONVERSION = YES;
				CLANG_WARN_COMMA = YES;
				CLANG_WARN_CONSTANT_CONVERSION = YES;
				CLANG_WARN_DEPRECATED_OBJC_IMPLEMENTATIONS = YES;
				CLANG_WARN_DIRECT_OBJC_ISA_USAGE = YES_ERROR;
				CLANG_WARN_DOCUMENTATION_COMMENTS = YES;
				CLANG_WARN_EMPTY_BODY = YES;
				CLANG_WARN_ENUM_CONVERSION = YES;
				CLANG_WARN_INFINITE_RECURSION = YES;
				CLANG_WARN_INT_CONVERSION = YES;
				CLANG_WARN_NON_LITERAL_NULL_CONVERSION = YES;
				CLANG_WARN_OBJC_IMPLICIT_RETAIN_SELF = YES;
				CLANG_WARN_OBJC_LITERAL_CONVERSION = YES;
				CLANG_WARN_OBJC_ROOT_CLASS = YES_ERROR;
				CLANG_WARN_QUOTED_INCLUDE_IN_FRAMEWORK_HEADER = YES;
				CLANG_WARN_RANGE_LOOP_ANALYSIS = YES;
				CLANG_WARN_STRICT_PROTOTYPES = YES;
				CLANG_WARN_SUSPICIOUS_MOVE = YES;
				CLANG_WARN_UNGUARDED_AVAILABILITY = YES_AGGRESSIVE;
				CLANG_WARN_UNREACHABLE_CODE = YES;
				CLANG_WARN__DUPLICATE_METHOD_MATCH = YES;
				COPY_PHASE_STRIP = NO;
				DEBUG_INFORMATION_FORMAT = "dwarf-with-dsym";
				ENABLE_NS_ASSERTIONS = NO;
				ENABLE_STRICT_OBJC_MSGSEND = YES;
				GCC_C_LANGUAGE_STANDARD = gnu11;
				GCC_NO_COMMON_BLOCKS = YES;
				GCC_WARN_64_TO_32_BIT_CONVERSION = YES;
				GCC_WARN_ABOUT_RETURN_TYPE = YES_ERROR;
				GCC_WARN_UNDECLARED_SELECTOR = YES;
				GCC_WARN_UNINITIALIZED_AUTOS = YES_AGGRESSIVE;
				GCC_WARN_UNUSED_FUNCTION = YES;
				GCC_WARN_UNUSED_VARIABLE = YES;
				IPHONEOS_DEPLOYMENT_TARGET = 16.2;
				MTL_ENABLE_DEBUG_INFO = NO;
				MTL_FAST_MATH = YES;
				SDKROOT = iphoneos;
				SWIFT_COMPILATION_MODE = wholemodule;
				SWIFT_OPTIMIZATION_LEVEL = "-O";
				VALIDATE_PRODUCT = YES;
			};
			name = Release;
		};
		6E24E04329D7484D00BAF554 /* Debug */ = {
			isa = XCBuildConfiguration;
			buildSettings = {
				ASSETCATALOG_COMPILER_APPICON_NAME = AppIcon;
				ASSETCATALOG_COMPILER_GLOBAL_ACCENT_COLOR_NAME = AccentColor;
				CODE_SIGN_STYLE = Automatic;
				CURRENT_PROJECT_VERSION = 1;
				GENERATE_INFOPLIST_FILE = YES;
				INFOPLIST_FILE = MovieApp/Info.plist;
				INFOPLIST_KEY_UIApplicationSupportsIndirectInputEvents = YES;
				INFOPLIST_KEY_UILaunchStoryboardName = LaunchScreen;
				INFOPLIST_KEY_UISupportedInterfaceOrientations_iPad = "UIInterfaceOrientationPortrait UIInterfaceOrientationPortraitUpsideDown UIInterfaceOrientationLandscapeLeft UIInterfaceOrientationLandscapeRight";
				INFOPLIST_KEY_UISupportedInterfaceOrientations_iPhone = "UIInterfaceOrientationPortrait UIInterfaceOrientationLandscapeLeft UIInterfaceOrientationLandscapeRight";
				LD_RUNPATH_SEARCH_PATHS = (
					"$(inherited)",
					"@executable_path/Frameworks",
				);
				MARKETING_VERSION = 1.0;
				PRODUCT_BUNDLE_IDENTIFIER = hr.fer.skukan.ana.MovieApp;
				PRODUCT_NAME = "$(TARGET_NAME)";
				SWIFT_EMIT_LOC_STRINGS = YES;
				SWIFT_VERSION = 5.0;
				TARGETED_DEVICE_FAMILY = "1,2";
			};
			name = Debug;
		};
		6E24E04429D7484D00BAF554 /* Release */ = {
			isa = XCBuildConfiguration;
			buildSettings = {
				ASSETCATALOG_COMPILER_APPICON_NAME = AppIcon;
				ASSETCATALOG_COMPILER_GLOBAL_ACCENT_COLOR_NAME = AccentColor;
				CODE_SIGN_STYLE = Automatic;
				CURRENT_PROJECT_VERSION = 1;
				GENERATE_INFOPLIST_FILE = YES;
				INFOPLIST_FILE = MovieApp/Info.plist;
				INFOPLIST_KEY_UIApplicationSupportsIndirectInputEvents = YES;
				INFOPLIST_KEY_UILaunchStoryboardName = LaunchScreen;
				INFOPLIST_KEY_UISupportedInterfaceOrientations_iPad = "UIInterfaceOrientationPortrait UIInterfaceOrientationPortraitUpsideDown UIInterfaceOrientationLandscapeLeft UIInterfaceOrientationLandscapeRight";
				INFOPLIST_KEY_UISupportedInterfaceOrientations_iPhone = "UIInterfaceOrientationPortrait UIInterfaceOrientationLandscapeLeft UIInterfaceOrientationLandscapeRight";
				LD_RUNPATH_SEARCH_PATHS = (
					"$(inherited)",
					"@executable_path/Frameworks",
				);
				MARKETING_VERSION = 1.0;
				PRODUCT_BUNDLE_IDENTIFIER = hr.fer.skukan.ana.MovieApp;
				PRODUCT_NAME = "$(TARGET_NAME)";
				SWIFT_EMIT_LOC_STRINGS = YES;
				SWIFT_VERSION = 5.0;
				TARGETED_DEVICE_FAMILY = "1,2";
			};
			name = Release;
		};
/* End XCBuildConfiguration section */

/* Begin XCConfigurationList section */
		6E24E02929D7484C00BAF554 /* Build configuration list for PBXProject "MovieApp" */ = {
			isa = XCConfigurationList;
			buildConfigurations = (
				6E24E04029D7484D00BAF554 /* Debug */,
				6E24E04129D7484D00BAF554 /* Release */,
			);
			defaultConfigurationIsVisible = 0;
			defaultConfigurationName = Release;
		};
		6E24E04229D7484D00BAF554 /* Build configuration list for PBXNativeTarget "MovieApp" */ = {
			isa = XCConfigurationList;
			buildConfigurations = (
				6E24E04329D7484D00BAF554 /* Debug */,
				6E24E04429D7484D00BAF554 /* Release */,
			);
			defaultConfigurationIsVisible = 0;
			defaultConfigurationName = Release;
		};
/* End XCConfigurationList section */

/* Begin XCRemoteSwiftPackageReference section */
		6E24E04529D748BA00BAF554 /* XCRemoteSwiftPackageReference "PureLayout" */ = {
			isa = XCRemoteSwiftPackageReference;
			repositoryURL = "https://github.com/PureLayout/PureLayout.git";
			requirement = {
				kind = upToNextMajorVersion;
				minimumVersion = 3.0.0;
			};
		};
		6E24E04829D748E000BAF554 /* XCRemoteSwiftPackageReference "MovieAppData" */ = {
			isa = XCRemoteSwiftPackageReference;
			repositoryURL = "https://github.com/fiveagency/MovieAppData";
			requirement = {
				kind = upToNextMajorVersion;
				minimumVersion = 2.1.0;
			};
		};
		6EBAD3F729E5FDA900E082A0 /* XCRemoteSwiftPackageReference "SDWebImage" */ = {
			isa = XCRemoteSwiftPackageReference;
			repositoryURL = "https://github.com/SDWebImage/SDWebImage.git";
			requirement = {
				kind = upToNextMajorVersion;
				minimumVersion = 5.0.0;
			};
		};
		6EBAD3FA29E5FFB800E082A0 /* XCRemoteSwiftPackageReference "Kingfisher" */ = {
			isa = XCRemoteSwiftPackageReference;
			repositoryURL = "https://github.com/onevcat/Kingfisher.git";
			requirement = {
				kind = upToNextMajorVersion;
				minimumVersion = 7.0.0;
			};
		};
/* End XCRemoteSwiftPackageReference section */

/* Begin XCSwiftPackageProductDependency section */
		6E24E04629D748BA00BAF554 /* PureLayout */ = {
			isa = XCSwiftPackageProductDependency;
			package = 6E24E04529D748BA00BAF554 /* XCRemoteSwiftPackageReference "PureLayout" */;
			productName = PureLayout;
		};
		6E24E04929D748E000BAF554 /* MovieAppData */ = {
			isa = XCSwiftPackageProductDependency;
			package = 6E24E04829D748E000BAF554 /* XCRemoteSwiftPackageReference "MovieAppData" */;
			productName = MovieAppData;
		};
		6EBAD3F829E5FDA900E082A0 /* SDWebImage */ = {
			isa = XCSwiftPackageProductDependency;
			package = 6EBAD3F729E5FDA900E082A0 /* XCRemoteSwiftPackageReference "SDWebImage" */;
			productName = SDWebImage;
		};
		6EBAD3FB29E5FFB800E082A0 /* Kingfisher */ = {
			isa = XCSwiftPackageProductDependency;
			package = 6EBAD3FA29E5FFB800E082A0 /* XCRemoteSwiftPackageReference "Kingfisher" */;
			productName = Kingfisher;
		};
/* End XCSwiftPackageProductDependency section */
	};
	rootObject = 6E24E02629D7484C00BAF554 /* Project object */;
}
